{
    "_meta": {
        "hash": {
            "sha256": "be1b49f4f08c9769a1b1a1853a8ce0fb7eac8df0b1fa68f5838645b2c7acc02d"
        },
        "pipfile-spec": 6,
        "requires": {
            "python_version": "3.7"
        },
        "sources": [
            {
                "name": "pypi",
                "url": "https://mirrors.aliyun.com/pypi/simple",
                "verify_ssl": true
            }
        ]
    },
    "default": {
        "certifi": {
            "hashes": [
                "sha256:539cc1d13202e33ca466e88b2807e29f4c13049d6d87031a3c110744495cb082",
                "sha256:92d6037539857d8206b8f6ae472e8b77db8058fec5937a1ef3f54304089edbb9"
            ],
            "markers": "python_version >= '3.6'",
            "version": "==2023.7.22"
        },
        "chardet": {
            "hashes": [
                "sha256:1b3b6ff479a8c414bc3fa2c0852995695c4a026dcd6d0633b2dd092ca39c1cf7",
                "sha256:e1cf59446890a00105fe7b7912492ea04b6e6f06d4b742b2c788469e34c82970"
            ],
            "index": "pypi",
            "version": "==5.2.0"
        },
        "charset-normalizer": {
            "hashes": [
                "sha256:04e57ab9fbf9607b77f7d057974694b4f6b142da9ed4a199859d9d4d5c63fe96",
                "sha256:09393e1b2a9461950b1c9a45d5fd251dc7c6f228acab64da1c9c0165d9c7765c",
                "sha256:0b87549028f680ca955556e3bd57013ab47474c3124dc069faa0b6545b6c9710",
                "sha256:1000fba1057b92a65daec275aec30586c3de2401ccdcd41f8a5c1e2c87078706",
                "sha256:1249cbbf3d3b04902ff081ffbb33ce3377fa6e4c7356f759f3cd076cc138d020",
                "sha256:1920d4ff15ce893210c1f0c0e9d19bfbecb7983c76b33f046c13a8ffbd570252",
                "sha256:193cbc708ea3aca45e7221ae58f0fd63f933753a9bfb498a3b474878f12caaad",
                "sha256:1a100c6d595a7f316f1b6f01d20815d916e75ff98c27a01ae817439ea7726329",
                "sha256:1f30b48dd7fa1474554b0b0f3fdfdd4c13b5c737a3c6284d3cdc424ec0ffff3a",
                "sha256:203f0c8871d5a7987be20c72442488a0b8cfd0f43b7973771640fc593f56321f",
                "sha256:246de67b99b6851627d945db38147d1b209a899311b1305dd84916f2b88526c6",
                "sha256:2dee8e57f052ef5353cf608e0b4c871aee320dd1b87d351c28764fc0ca55f9f4",
                "sha256:2efb1bd13885392adfda4614c33d3b68dee4921fd0ac1d3988f8cbb7d589e72a",
                "sha256:2f4ac36d8e2b4cc1aa71df3dd84ff8efbe3bfb97ac41242fbcfc053c67434f46",
                "sha256:3170c9399da12c9dc66366e9d14da8bf7147e1e9d9ea566067bbce7bb74bd9c2",
                "sha256:3b1613dd5aee995ec6d4c69f00378bbd07614702a315a2cf6c1d21461fe17c23",
                "sha256:3bb3d25a8e6c0aedd251753a79ae98a093c7e7b471faa3aa9a93a81431987ace",
                "sha256:3bb7fda7260735efe66d5107fb7e6af6a7c04c7fce9b2514e04b7a74b06bf5dd",
                "sha256:41b25eaa7d15909cf3ac4c96088c1f266a9a93ec44f87f1d13d4a0e86c81b982",
                "sha256:45de3f87179c1823e6d9e32156fb14c1927fcc9aba21433f088fdfb555b77c10",
                "sha256:46fb8c61d794b78ec7134a715a3e564aafc8f6b5e338417cb19fe9f57a5a9bf2",
                "sha256:48021783bdf96e3d6de03a6e39a1171ed5bd7e8bb93fc84cc649d11490f87cea",
                "sha256:4957669ef390f0e6719db3613ab3a7631e68424604a7b448f079bee145da6e09",
                "sha256:5e86d77b090dbddbe78867a0275cb4df08ea195e660f1f7f13435a4649e954e5",
                "sha256:6339d047dab2780cc6220f46306628e04d9750f02f983ddb37439ca47ced7149",
                "sha256:681eb3d7e02e3c3655d1b16059fbfb605ac464c834a0c629048a30fad2b27489",
                "sha256:6c409c0deba34f147f77efaa67b8e4bb83d2f11c8806405f76397ae5b8c0d1c9",
                "sha256:7095f6fbfaa55defb6b733cfeb14efaae7a29f0b59d8cf213be4e7ca0b857b80",
                "sha256:70c610f6cbe4b9fce272c407dd9d07e33e6bf7b4aa1b7ffb6f6ded8e634e3592",
                "sha256:72814c01533f51d68702802d74f77ea026b5ec52793c791e2da806a3844a46c3",
                "sha256:7a4826ad2bd6b07ca615c74ab91f32f6c96d08f6fcc3902ceeedaec8cdc3bcd6",
                "sha256:7c70087bfee18a42b4040bb9ec1ca15a08242cf5867c58726530bdf3945672ed",
                "sha256:855eafa5d5a2034b4621c74925d89c5efef61418570e5ef9b37717d9c796419c",
                "sha256:8700f06d0ce6f128de3ccdbc1acaea1ee264d2caa9ca05daaf492fde7c2a7200",
                "sha256:89f1b185a01fe560bc8ae5f619e924407efca2191b56ce749ec84982fc59a32a",
                "sha256:8b2c760cfc7042b27ebdb4a43a4453bd829a5742503599144d54a032c5dc7e9e",
                "sha256:8c2f5e83493748286002f9369f3e6607c565a6a90425a3a1fef5ae32a36d749d",
                "sha256:8e098148dd37b4ce3baca71fb394c81dc5d9c7728c95df695d2dca218edf40e6",
                "sha256:94aea8eff76ee6d1cdacb07dd2123a68283cb5569e0250feab1240058f53b623",
                "sha256:95eb302ff792e12aba9a8b8f8474ab229a83c103d74a750ec0bd1c1eea32e669",
                "sha256:9bd9b3b31adcb054116447ea22caa61a285d92e94d710aa5ec97992ff5eb7cf3",
                "sha256:9e608aafdb55eb9f255034709e20d5a83b6d60c054df0802fa9c9883d0a937aa",
                "sha256:a103b3a7069b62f5d4890ae1b8f0597618f628b286b03d4bc9195230b154bfa9",
                "sha256:a386ebe437176aab38c041de1260cd3ea459c6ce5263594399880bbc398225b2",
                "sha256:a38856a971c602f98472050165cea2cdc97709240373041b69030be15047691f",
                "sha256:a401b4598e5d3f4a9a811f3daf42ee2291790c7f9d74b18d75d6e21dda98a1a1",
                "sha256:a7647ebdfb9682b7bb97e2a5e7cb6ae735b1c25008a70b906aecca294ee96cf4",
                "sha256:aaf63899c94de41fe3cf934601b0f7ccb6b428c6e4eeb80da72c58eab077b19a",
                "sha256:b0dac0ff919ba34d4df1b6131f59ce95b08b9065233446be7e459f95554c0dc8",
                "sha256:baacc6aee0b2ef6f3d308e197b5d7a81c0e70b06beae1f1fcacffdbd124fe0e3",
                "sha256:bf420121d4c8dce6b889f0e8e4ec0ca34b7f40186203f06a946fa0276ba54029",
                "sha256:c04a46716adde8d927adb9457bbe39cf473e1e2c2f5d0a16ceb837e5d841ad4f",
                "sha256:c0b21078a4b56965e2b12f247467b234734491897e99c1d51cee628da9786959",
                "sha256:c1c76a1743432b4b60ab3358c937a3fe1341c828ae6194108a94c69028247f22",
                "sha256:c4983bf937209c57240cff65906b18bb35e64ae872da6a0db937d7b4af845dd7",
                "sha256:c4fb39a81950ec280984b3a44f5bd12819953dc5fa3a7e6fa7a80db5ee853952",
                "sha256:c57921cda3a80d0f2b8aec7e25c8aa14479ea92b5b51b6876d975d925a2ea346",
                "sha256:c8063cf17b19661471ecbdb3df1c84f24ad2e389e326ccaf89e3fb2484d8dd7e",
                "sha256:ccd16eb18a849fd8dcb23e23380e2f0a354e8daa0c984b8a732d9cfaba3a776d",
                "sha256:cd6dbe0238f7743d0efe563ab46294f54f9bc8f4b9bcf57c3c666cc5bc9d1299",
                "sha256:d62e51710986674142526ab9f78663ca2b0726066ae26b78b22e0f5e571238dd",
                "sha256:db901e2ac34c931d73054d9797383d0f8009991e723dab15109740a63e7f902a",
                "sha256:e03b8895a6990c9ab2cdcd0f2fe44088ca1c65ae592b8f795c3294af00a461c3",
                "sha256:e1c8a2f4c69e08e89632defbfabec2feb8a8d99edc9f89ce33c4b9e36ab63037",
                "sha256:e4b749b9cc6ee664a3300bb3a273c1ca8068c46be705b6c31cf5d276f8628a94",
                "sha256:e6a5bf2cba5ae1bb80b154ed68a3cfa2fa00fde979a7f50d6598d3e17d9ac20c",
                "sha256:e857a2232ba53ae940d3456f7533ce6ca98b81917d47adc3c7fd55dad8fab858",
                "sha256:ee4006268ed33370957f55bf2e6f4d263eaf4dc3cfc473d1d90baff6ed36ce4a",
                "sha256:eef9df1eefada2c09a5e7a40991b9fc6ac6ef20b1372abd48d2794a316dc0449",
                "sha256:f058f6963fd82eb143c692cecdc89e075fa0828db2e5b291070485390b2f1c9c",
                "sha256:f25c229a6ba38a35ae6e25ca1264621cc25d4d38dca2942a7fce0b67a4efe918",
                "sha256:f2a1d0fd4242bd8643ce6f98927cf9c04540af6efa92323e9d3124f57727bfc1",
                "sha256:f7560358a6811e52e9c4d142d497f1a6e10103d3a6881f18d04dbce3729c0e2c",
                "sha256:f779d3ad205f108d14e99bb3859aa7dd8e9c68874617c72354d7ecaec2a054ac",
                "sha256:f87f746ee241d30d6ed93969de31e5ffd09a2961a051e60ae6bddde9ec3583aa"
            ],
            "markers": "python_full_version >= '3.7.0'",
            "version": "==3.2.0"
        },
        "codeeditor": {
            "hashes": [
                "sha256:f9e52aaf4dc02628460eefe67d90059dcc1518b23cb862fc357168eee766dd93"
            ],
            "index": "pypi",
            "version": "==1.1.0"
        },
        "idna": {
            "hashes": [
                "sha256:814f528e8dead7d329833b91c5faa87d60bf71824cd12a7530b5526063d02cb4",
                "sha256:90b77e79eaa3eba6de819a0c442c0b4ceefc341a7a2ab77d7562bf49f425c5c2"
            ],
            "markers": "python_version >= '3.5'",
            "version": "==3.4"
        },
        "preimport": {
            "hashes": [
                "sha256:036c182dd90958570882ed2dd445c6c114fd2921563b9e676407ae8bb6e6ac49"
            ],
            "index": "pypi",
            "version": "==1.1.6"
        },
        "pyqt5": {
            "hashes": [
                "sha256:14737bb4673868d15fa91dad79fe293d7a93d76c56d01b3757b350b8dcb32b2d",
                "sha256:1936c321301f678d4e6703d52860e1955e5c4964e6fd00a1f86725ce5c29083c",
                "sha256:3f79de6e9f29e858516cc36ffc2b992e262af841f3799246aec282b76a3eccdf",
                "sha256:509daab1c5aca22e3cf9508128abf38e6e5ae311d7426b21f4189ffd66b196e9"
            ],
            "index": "pypi",
            "version": "==5.13.2"
        },
        "pyqt5-sip": {
            "hashes": [
                "sha256:1115728644bbadcde5fc8a16e7918bd31915a42dd6fb36b10d4afb78c582753e",
                "sha256:1f4289276d355b6521dc2cc956189315da6f13adfb6bbab8f25ebd15e3bce1d4",
                "sha256:288c6dc18a8d6a20981c07b715b5695d9b66880778565f3792bc6e38f14f20fb",
                "sha256:3f665376d9e52faa9855c3736a66ce6d825f85c86d7774d3c393f09da23f4f86",
                "sha256:6b4860c4305980db509415d0af802f111d15f92016c9422eb753bc8883463456",
                "sha256:7ffa39763097f64de129cf5cc770a651c3f65d2466b4fe05bef2bd2efbaa38e6",
                "sha256:8a18e6f45d482ddfe381789979d09ee13aa6450caa3a0476503891bccb3ac709",
                "sha256:8da842d3d7bf8931d1093105fb92702276b6dbb7e801abbaaa869405d616171a",
                "sha256:b42021229424aa44e99b3b49520b799fd64ff6ae8b53f79f903bbd85719a28e4",
                "sha256:b5b4906445fe980aee76f20400116b6904bf5f30d0767489c13370e42a764020",
                "sha256:c1e730a9eb2ec3869ed5d81b0f99f6e2460fb4d77750444c0ec183b771d798f7",
                "sha256:cbeeae6b45234a1654657f79943f8bccd3d14b4e7496746c62cf6fbce69442c7",
                "sha256:d46b0f8effc554de52a1466b1bd80e5cb4bce635a75ac4e7ad6247c965dec5b9",
                "sha256:e28c3abc9b62a1b7e796891648b9f14f8167b31c8e7990fae79654777252bb4d",
                "sha256:e6078f5ee7d31c102910d0c277a110e1c2a20a3fc88cd017a39e170120586d3f",
                "sha256:ee1a12f09d5af2304273bfd2f6b43835c1467d5ed501a6c95f5405637fa7750a",
                "sha256:f314f31f5fd39b06897f013f425137e511d45967150eb4e424a363d8138521c6"
            ],
            "index": "pypi",
            "version": "==12.7.1"
        },
        "qscintilla": {
            "hashes": [
                "sha256:59f3ad5bda30701fb9ca3f7932cb5bcfff508eb87b7fee58929b9872dc9a0a9d",
                "sha256:c3d0e27f00f5737eb4c8878b49f649d71992f25c48592d1e73ef62731294004f",
                "sha256:d51169ccb9ba8a13a81560533632d3b159a8dd17fcea01297f969f671d0da128",
                "sha256:f6741cf614e072802c900a96aeba175aaa901584f42a215774244ecbc3bb46ed"
            ],
            "index": "pypi",
            "version": "==2.11.4"
        },
        "requests": {
            "hashes": [
                "sha256:58cd2187c01e70e6e26505bca751777aa9f2ee0b7f4300988b709f44e013003f",
                "sha256:942c5a758f98d790eaed1a29cb6eefc7ffb0d1cf7af05c3d2791656dbd6ad1e1"
            ],
            "index": "pypi",
            "version": "==2.31.0"
        },
        "toml": {
            "hashes": [
                "sha256:806143ae5bfb6a3c6e736a764057db0e6a0e05e338b5630894a5f779cabb4f9b",
                "sha256:b3bda1d108d5dd99f4a20d24d9c348e91c4db7ab1b749200bded2f839ccbe68f"
            ],
            "index": "pypi",
            "version": "==0.10.2"
        },
        "tomlconfig": {
            "hashes": [
                "sha256:d27d5985eeb1133bc83c301507dccdb169ab84d2511ec45976d208549d42e27d"
            ],
            "index": "pypi",
            "version": "==1.2.1"
        },
        "urllib3": {
            "hashes": [
                "sha256:8d22f86aae8ef5e410d4f539fde9ce6b2113a001bb4d189e0aed70642d602b11",
                "sha256:de7df1803967d2c2a98e4b11bb7d6bd9210474c46e8a0401514e3a42a75ebde4"
            ],
            "markers": "python_version >= '3.7'",
            "version": "==2.0.4"
        }
    },
    "develop": {
        "click": {
            "hashes": [
                "sha256:48ee849951919527a045bfe3bf7baa8a959c423134e1a5b98c05c20ba75a1cbd",
                "sha256:fa244bb30b3b5ee2cae3da8f55c9e5e0c0e86093306301fb418eb9dc40fbded5"
            ],
            "markers": "python_version >= '3.7'",
            "version": "==8.1.6"
        },
        "colorama": {
            "hashes": [
                "sha256:08695f5cb7ed6e0531a20572697297273c47b8cae5a63ffc6d6ed5c201be6e44",
                "sha256:4f1d9991f5acc0ca119f9d443620b77f9d6b33703e51011c16baf57afb285fc6",
                "sha256:96e0137fb3ab6b56576b4638116d77c59f3e0565f4ea081172e4721c722afa92",
                "sha256:bc3a1efa0b297242dcd0757e2e83d358bcd18bda77735e493aa89a634e74c9bf"
            ],
            "markers": "sys_platform == 'win32'",
            "version": "==0.4.6"
        },
        "exceptiongroup": {
            "hashes": [
                "sha256:12c3e887d6485d16943a309616de20ae5582633e0a2eda17f4e10fd61c1e8af5",
                "sha256:e346e69d186172ca7cf029c8c1d16235aa0e04035e5750b4b95039e65204328f"
            ],
            "markers": "python_version < '3.11'",
            "version": "==1.1.2"
        },
        "importlib-metadata": {
            "hashes": [
                "sha256:1aaf550d4f73e5d6783e7acb77aec43d49da8017410afae93822cc9cca98c4d4",
                "sha256:cb52082e659e97afc5dac71e79de97d8681de3aa07ff18578330904a9d18e5b5"
            ],
            "markers": "python_version < '3.8'",
            "version": "==6.7.0"
        },
        "iniconfig": {
            "hashes": [
                "sha256:2d91e135bf72d31a410b17c16da610a82cb55f6b0477d1a902134b24a455b8b3",
                "sha256:b6a85871a79d2e3b22d2d1b94ac2824226a63c6b741c88f7ae975f18b6778374"
            ],
            "markers": "python_version >= '3.7'",
            "version": "==2.0.0"
        },
        "packaging": {
            "hashes": [
                "sha256:994793af429502c4ea2ebf6bf664629d07c1a9fe974af92966e4b8d2df7edc61",
                "sha256:a392980d2b6cffa644431898be54b0045151319d1e7ec34f0cfed48767dd334f"
            ],
            "markers": "python_version >= '3.7'",
            "version": "==23.1"
        },
        "platformdirs": {
            "hashes": [
                "sha256:b45696dab2d7cc691a3226759c0d3b00c47c8b6e293d96f6436f733303f77f6d",
                "sha256:d7c24979f292f916dc9cbf8648319032f551ea8c49a4c9bf2fb556a02070ec1d"
            ],
            "markers": "python_version >= '3.7'",
            "version": "==3.10.0"
        },
        "pluggy": {
            "hashes": [
                "sha256:c2fd55a7d7a3863cba1a013e4e2414658b1d07b6bc57b3919e0c63c9abb99849",
                "sha256:d12f0c4b579b15f5e054301bb226ee85eeeba08ffec228092f8defbaa3a4c4b3"
            ],
            "markers": "python_version >= '3.7'",
            "version": "==1.2.0"
        },
        "pycodestyle": {
            "hashes": [
                "sha256:347187bdb476329d98f695c213d7295a846d1152ff4fe9bacb8a9590b8ee7053",
                "sha256:8a4eaf0d0495c7395bdab3589ac2db602797d76207242c17d470186815706610"
            ],
            "index": "pypi",
            "version": "==2.10.0"
        },
        "pyqt5": {
            "hashes": [
                "sha256:14737bb4673868d15fa91dad79fe293d7a93d76c56d01b3757b350b8dcb32b2d",
                "sha256:1936c321301f678d4e6703d52860e1955e5c4964e6fd00a1f86725ce5c29083c",
                "sha256:3f79de6e9f29e858516cc36ffc2b992e262af841f3799246aec282b76a3eccdf",
                "sha256:509daab1c5aca22e3cf9508128abf38e6e5ae311d7426b21f4189ffd66b196e9"
            ],
            "index": "pypi",
            "version": "==5.13.2"
        },
        "pyqt5-sip": {
            "hashes": [
                "sha256:1115728644bbadcde5fc8a16e7918bd31915a42dd6fb36b10d4afb78c582753e",
                "sha256:1f4289276d355b6521dc2cc956189315da6f13adfb6bbab8f25ebd15e3bce1d4",
                "sha256:288c6dc18a8d6a20981c07b715b5695d9b66880778565f3792bc6e38f14f20fb",
                "sha256:3f665376d9e52faa9855c3736a66ce6d825f85c86d7774d3c393f09da23f4f86",
                "sha256:6b4860c4305980db509415d0af802f111d15f92016c9422eb753bc8883463456",
                "sha256:7ffa39763097f64de129cf5cc770a651c3f65d2466b4fe05bef2bd2efbaa38e6",
                "sha256:8a18e6f45d482ddfe381789979d09ee13aa6450caa3a0476503891bccb3ac709",
                "sha256:8da842d3d7bf8931d1093105fb92702276b6dbb7e801abbaaa869405d616171a",
                "sha256:b42021229424aa44e99b3b49520b799fd64ff6ae8b53f79f903bbd85719a28e4",
                "sha256:b5b4906445fe980aee76f20400116b6904bf5f30d0767489c13370e42a764020",
                "sha256:c1e730a9eb2ec3869ed5d81b0f99f6e2460fb4d77750444c0ec183b771d798f7",
                "sha256:cbeeae6b45234a1654657f79943f8bccd3d14b4e7496746c62cf6fbce69442c7",
                "sha256:d46b0f8effc554de52a1466b1bd80e5cb4bce635a75ac4e7ad6247c965dec5b9",
                "sha256:e28c3abc9b62a1b7e796891648b9f14f8167b31c8e7990fae79654777252bb4d",
                "sha256:e6078f5ee7d31c102910d0c277a110e1c2a20a3fc88cd017a39e170120586d3f",
                "sha256:ee1a12f09d5af2304273bfd2f6b43835c1467d5ed501a6c95f5405637fa7750a",
                "sha256:f314f31f5fd39b06897f013f425137e511d45967150eb4e424a363d8138521c6"
            ],
            "index": "pypi",
            "version": "==12.7.1"
        },
        "pyqt5-tools": {
            "hashes": [
                "sha256:2cfbb93c447c805b12f1d26a7e692557ceb0751f9a46906dea7bf4ba8c6cadfd",
                "sha256:7c4fecb3f712985b4b07c3bc02a05017f55e70aa0e24d128648633bb1d731bd7",
                "sha256:841f77f1b5d79e5fdc7dc0b92dfe5222db84b7db5c2e5e9bd52ed9ef5d47d619",
                "sha256:8e777a58423912d29c1de7c1174729449395ee4b9b322a54257d49a43acd6c98",
                "sha256:a4c08dccb74bc7bbb4e2edd623969fe1f5d3927ac961660332f09de903cd1fea",
                "sha256:e473a1c0cd093f82514e1ff1c505e616033db147e0db40504cebee241515fe10"
            ],
            "index": "pypi",
            "version": "==5.13.0.1.5"
        },
        "pytest": {
            "hashes": [
                "sha256:78bf16451a2eb8c7a2ea98e32dc119fd2aa758f1d5d66dbf0a59d69a3969df32",
                "sha256:b4bf8c45bd59934ed84001ad51e11b4ee40d40a1229d2c79f9c592b0a3f6bd8a"
            ],
            "index": "pypi",
            "version": "==7.4.0"
        },
        "pytest-qt": {
            "hashes": [
                "sha256:00a17b586dd530b6d7a9399923a40489ca4a9a309719011175f55dc6b5dc8f41",
                "sha256:a7659960a1ab2af8fc944655a157ff45d714b80ed7a6af96a4b5bb99ecf40a22"
            ],
            "index": "pypi",
            "version": "==4.2.0"
        },
        "python-dotenv": {
            "hashes": [
                "sha256:1c93de8f636cde3ce377292818d0e440b6e45a82f215c3744979151fa8151c49",
                "sha256:41e12e0318bebc859fcc4d97d4db8d20ad21721a6aa5047dd59f090391cb549a"
            ],
            "markers": "python_version >= '3.7'",
            "version": "==0.21.1"
        },
        "tomli": {
            "hashes": [
                "sha256:939de3e7a6161af0c887ef91b7d41a53e7c5a1ca976325f429cb46ea9bc30ecc",
                "sha256:de526c12914f0c550d15924c62d72abc48d6fe7364aa87328337a31007fe8a4f"
            ],
            "markers": "python_version < '3.11'",
            "version": "==2.0.1"
        },
        "typing-extensions": {
            "hashes": [
                "sha256:440d5dd3af93b060174bf433bccd69b0babc3b15b1a8dca43789fd7f61514b36",
                "sha256:b75ddc264f0ba5615db7ba217daeb99701ad295353c45f9e95963337ceeeffb2"
            ],
            "markers": "python_version < '3.8'",
            "version": "==4.7.1"
        },
        "yapf": {
            "hashes": [
                "sha256:958587eb5c8ec6c860119a9c25d02addf30a44f75aa152a4220d30e56a98037c",
                "sha256:b8bfc1f280949153e795181768ca14ef43d7312629a06c43e7abd279323af313"
            ],
            "index": "pypi",
            "version": "==0.40.1"
        },
        "zipp": {
            "hashes": [
                "sha256:112929ad649da941c23de50f356a2b5570c954b65150642bccdd66bf194d224b",
                "sha256:48904fc76a60e542af151aded95726c1a5c34ed43ab4134b597665c86d7ad556"
            ],
            "markers": "python_version >= '3.7'",
            "version": "==3.15.0"
        }
    }
}
